
Microsoft Visual Studio Solution File, Format Version 12.00
# Visual Studio Version 17
VisualStudioVersion = 17.11.35312.102
MinimumVisualStudioVersion = 10.0.40219.1
Project("{9A19103F-16F7-4668-BE54-9A1E7A4F7556}") = "CSharpInferenceBert", "CSharpInferenceBert.csproj", "{97CB58A6-682B-4FB4-822D-A7E9B8FB99E0}"
EndProject
Global
	GlobalSection(SolutionConfigurationPlatforms) = preSolution
		Debug|Any CPU = Debug|Any CPU
		Release|Any CPU = Release|Any CPU
	EndGlobalSection
	GlobalSection(ProjectConfigurationPlatforms) = postSolution
		{97CB58A6-682B-4FB4-822D-A7E9B8FB99E0}.Debug|Any CPU.ActiveCfg = Debug|Any CPU
		{97CB58A6-682B-4FB4-822D-A7E9B8FB99E0}.Debug|Any CPU.Build.0 = Debug|Any CPU
		{97CB58A6-682B-4FB4-822D-A7E9B8FB99E0}.Release|Any CPU.ActiveCfg = Release|Any CPU
		{97CB58A6-682B-4FB4-822D-A7E9B8FB99E0}.Release|Any CPU.Build.0 = Release|Any CPU
	EndGlobalSection
	GlobalSection(SolutionProperties) = preSolution
		HideSolutionNode = FALSE
	EndGlobalSection
	GlobalSection(ExtensibilityGlobals) = postSolution
		SolutionGuid = {FA3C0633-19E8-4C8C-9380-FC0E4A7AD2A2}
	EndGlobalSection
EndGlobal
